// !$*UTF8*$!
{
	archiveVersion = 1;
	classes = {
	};
	objectVersion = 50;
	objects = {

/* Begin PBXBuildFile section */
		C181F94D244DDE4A00317FFF /* main.cpp in Sources */ = {isa = PBXBuildFile; fileRef = C181F94C244DDE4A00317FFF /* main.cpp */; };
/* End PBXBuildFile section */

/* Begin PBXCopyFilesBuildPhase section */
		C181F947244DDE4A00317FFF /* CopyFiles */ = {
			isa = PBXCopyFilesBuildPhase;
			buildActionMask = 2147483647;
			dstPath = /usr/share/man/man1/;
			dstSubfolderSpec = 0;
			files = (
			);
			runOnlyForDeploymentPostprocessing = 1;
		};
/* End PBXCopyFilesBuildPhase section */

/* Begin PBXFileReference section */
		C181F949244DDE4A00317FFF /* gapLCS_last */ = {isa = PBXFileReference; explicitFileType = "compiled.mach-o.executable"; includeInIndex = 0; path = gapLCS_last; sourceTree = BUILT_PRODUCTS_DIR; };
		C181F94C244DDE4A00317FFF /* main.cpp */ = {isa = PBXFileReference; lastKnownFileType = sourcecode.cpp.cpp; path = main.cpp; sourceTree = "<group>"; };
		C181F953244DDE6100317FFF /* 2.inp */ = {isa = PBXFileReference; fileEncoding = 4; lastKnownFileType = text; path = 2.inp; sourceTree = "<group>"; };
		C181F954244DDE6100317FFF /* 1.inp */ = {isa = PBXFileReference; fileEncoding = 4; lastKnownFileType = text; path = 1.inp; sourceTree = "<group>"; };
		C181F955244DDE6100317FFF /* 2.out */ = {isa = PBXFileReference; fileEncoding = 4; lastKnownFileType = text; path = 2.out; sourceTree = "<group>"; };
		C181F956244DDE6100317FFF /* 3.out */ = {isa = PBXFileReference; fileEncoding = 4; lastKnownFileType = text; path = 3.out; sourceTree = "<group>"; };
		C181F957244DDE6100317FFF /* 3.inp */ = {isa = PBXFileReference; fileEncoding = 4; lastKnownFileType = text; path = 3.inp; sourceTree = "<group>"; };
		C181F958244DDE6100317FFF /* 1.out */ = {isa = PBXFileReference; fileEncoding = 4; lastKnownFileType = text; path = 1.out; sourceTree = "<group>"; };
/* End PBXFileReference section */

/* Begin PBXFrameworksBuildPhase section */
		C181F946244DDE4A00317FFF /* Frameworks */ = {
			isa = PBXFrameworksBuildPhase;
			buildActionMask = 2147483647;
			files = (
			);
			runOnlyForDeploymentPostprocessing = 0;
		};
/* End PBXFrameworksBuildPhase section */

/* Begin PBXGroup section */
		C181F940244DDE4A00317FFF = {
			isa = PBXGroup;
			children = (
				C181F94B244DDE4A00317FFF /* gapLCS_last */,
				C181F94A244DDE4A00317FFF /* Products */,
			);
			sourceTree = "<group>";
		};
		C181F94A244DDE4A00317FFF /* Products */ = {
			isa = PBXGroup;
			children = (
				C181F949244DDE4A00317FFF /* gapLCS_last */,
			);
			name = Products;
			sourceTree = "<group>";
		};
		C181F94B244DDE4A00317FFF /* gapLCS_last */ = {
			isa = PBXGroup;
			children = (
				C181F954244DDE6100317FFF /* 1.inp */,
				C181F958244DDE6100317FFF /* 1.out */,
				C181F953244DDE6100317FFF /* 2.inp */,
				C181F955244DDE6100317FFF /* 2.out */,
				C181F957244DDE6100317FFF /* 3.inp */,
				C181F956244DDE6100317FFF /* 3.out */,
				C181F94C244DDE4A00317FFF /* main.cpp */,
			);
			path = gapLCS_last;
			sourceTree = "<group>";
		};
/* End PBXGroup section */

/* Begin PBXNativeTarget section */
		C181F948244DDE4A00317FFF /* gapLCS_last */ = {
			isa = PBXNativeTarget;
			buildConfigurationList = C181F950244DDE4A00317FFF /* Build configuration list for PBXNativeTarget "gapLCS_last" */;
			buildPhases = (
				C181F945244DDE4A00317FFF /* Sources */,
				C181F946244DDE4A00317FFF /* Frameworks */,
				C181F947244DDE4A00317FFF /* CopyFiles */,
			);
			buildRules = (
			);
			dependencies = (
			);
			name = gapLCS_last;
			productName = gapLCS_last;
			productReference = C181F949244DDE4A00317FFF /* gapLCS_last */;
			productType = "com.apple.product-type.tool";
		};
/* End PBXNativeTarget section */

/* Begin PBXProject section */
		C181F941244DDE4A00317FFF /* Project object */ = {
			isa = PBXProject;
			attributes = {
				LastUpgradeCheck = 1130;
				ORGANIZATIONNAME = "박상은";
				TargetAttributes = {
					C181F948244DDE4A00317FFF = {
						CreatedOnToolsVersion = 11.3.1;
					};
				};
			};
			buildConfigurationList = C181F944244DDE4A00317FFF /* Build configuration list for PBXProject "gapLCS_last" */;
			compatibilityVersion = "Xcode 9.3";
			developmentRegion = en;
			hasScannedForEncodings = 0;
			knownRegions = (
				en,
				Base,
			);
			mainGroup = C181F940244DDE4A00317FFF;
			productRefGroup = C181F94A244DDE4A00317FFF /* Products */;
			projectDirPath = "";
			projectRoot = "";
			targets = (
				C181F948244DDE4A00317FFF /* gapLCS_last */,
			);
		};
/* End PBXProject section */

/* Begin PBXSourcesBuildPhase section */
		C181F945244DDE4A00317FFF /* Sources */ = {
			isa = PBXSourcesBuildPhase;
			buildActionMask = 2147483647;
			files = (
				C181F94D244DDE4A00317FFF /* main.cpp in Sources */,
			);
			runOnlyForDeploymentPostprocessing = 0;
		};
/* End PBXSourcesBuildPhase section */

/* Begin XCBuildConfiguration section */
		C181F94E244DDE4A00317FFF /* Debug */ = {
			isa = XCBuildConfiguration;
			buildSettings = {
				ALWAYS_SEARCH_USER_PATHS = NO;
				CLANG_ANALYZER_NONNULL = YES;
				CLANG_ANALYZER_NUMBER_OBJECT_CONVERSION = YES_AGGRESSIVE;
				CLANG_CXX_LANGUAGE_STANDARD = "gnu++14";
				CLANG_CXX_LIBRARY = "libc++";
				CLANG_ENABLE_MODULES = YES;
				CLANG_ENABLE_OBJC_ARC = YES;
				CLANG_ENABLE_OBJC_WEAK = YES;
				CLANG_WARN_BLOCK_CAPTURE_AUTORELEASING = YES;
				CLANG_WARN_BOOL_CONVERSION = YES;
				CLANG_WARN_COMMA = YES;
				CLANG_WARN_CONSTANT_CONVERSION = YES;
				CLANG_WARN_DEPRECATED_OBJC_IMPLEMENTATIONS = YES;
				CLANG_WARN_DIRECT_OBJC_ISA_USAGE = YES_ERROR;
				CLANG_WARN_DOCUMENTATION_COMMENTS = YES;
				CLANG_WARN_EMPTY_BODY = YES;
				CLANG_WARN_ENUM_CONVERSION = YES;
				CLANG_WARN_INFINITE_RECURSION = YES;
				CLANG_WARN_INT_CONVERSION = YES;
				CLANG_WARN_NON_LITERAL_NULL_CONVERSION = YES;
				CLANG_WARN_OBJC_IMPLICIT_RETAIN_SELF = YES;
				CLANG_WARN_OBJC_LITERAL_CONVERSION = YES;
				CLANG_WARN_OBJC_ROOT_CLASS = YES_ERROR;
				CLANG_WARN_RANGE_LOOP_ANALYSIS = YES;
				CLANG_WARN_STRICT_PROTOTYPES = YES;
				CLANG_WARN_SUSPICIOUS_MOVE = YES;
				CLANG_WARN_UNGUARDED_AVAILABILITY = YES_AGGRESSIVE;
				CLANG_WARN_UNREACHABLE_CODE = YES;
				CLANG_WARN__DUPLICATE_METHOD_MATCH = YES;
				COPY_PHASE_STRIP = NO;
				DEBUG_INFORMATION_FORMAT = dwarf;
				ENABLE_STRICT_OBJC_MSGSEND = YES;
				ENABLE_TESTABILITY = YES;
				GCC_C_LANGUAGE_STANDARD = gnu11;
				GCC_DYNAMIC_NO_PIC = NO;
				GCC_NO_COMMON_BLOCKS = YES;
				GCC_OPTIMIZATION_LEVEL = 0;
				GCC_PREPROCESSOR_DEFINITIONS = (
					"DEBUG=1",
					"$(inherited)",
				);
				GCC_WARN_64_TO_32_BIT_CONVERSION = YES;
				GCC_WARN_ABOUT_RETURN_TYPE = YES_ERROR;
				GCC_WARN_UNDECLARED_SELECTOR = YES;
				GCC_WARN_UNINITIALIZED_AUTOS = YES_AGGRESSIVE;
				GCC_WARN_UNUSED_FUNCTION = YES;
				GCC_WARN_UNUSED_VARIABLE = YES;
				MACOSX_DEPLOYMENT_TARGET = 10.15;
				MTL_ENABLE_DEBUG_INFO = INCLUDE_SOURCE;
				MTL_FAST_MATH = YES;
				ONLY_ACTIVE_ARCH = YES;
				SDKROOT = macosx;
			};
			name = Debug;
		};
		C181F94F244DDE4A00317FFF /* Release */ = {
			isa = XCBuildConfiguration;
			buildSettings = {
				ALWAYS_SEARCH_USER_PATHS = NO;
				CLANG_ANALYZER_NONNULL = YES;
				CLANG_ANALYZER_NUMBER_OBJECT_CONVERSION = YES_AGGRESSIVE;
				CLANG_CXX_LANGUAGE_STANDARD = "gnu++14";
				CLANG_CXX_LIBRARY = "libc++";
				CLANG_ENABLE_MODULES = YES;
				CLANG_ENABLE_OBJC_ARC = YES;
				CLANG_ENABLE_OBJC_WEAK = YES;
				CLANG_WARN_BLOCK_CAPTURE_AUTORELEASING = YES;
				CLANG_WARN_BOOL_CONVERSION = YES;
				CLANG_WARN_COMMA = YES;
				CLANG_WARN_CONSTANT_CONVERSION = YES;
				CLANG_WARN_DEPRECATED_OBJC_IMPLEMENTATIONS = YES;
				CLANG_WARN_DIRECT_OBJC_ISA_USAGE = YES_ERROR;
				CLANG_WARN_DOCUMENTATION_COMMENTS = YES;
				CLANG_WARN_EMPTY_BODY = YES;
				CLANG_WARN_ENUM_CONVERSION = YES;
				CLANG_WARN_INFINITE_RECURSION = YES;
				CLANG_WARN_INT_CONVERSION = YES;
				CLANG_WARN_NON_LITERAL_NULL_CONVERSION = YES;
				CLANG_WARN_OBJC_IMPLICIT_RETAIN_SELF = YES;
				CLANG_WARN_OBJC_LITERAL_CONVERSION = YES;
				CLANG_WARN_OBJC_ROOT_CLASS = YES_ERROR;
				CLANG_WARN_RANGE_LOOP_ANALYSIS = YES;
				CLANG_WARN_STRICT_PROTOTYPES = YES;
				CLANG_WARN_SUSPICIOUS_MOVE = YES;
				CLANG_WARN_UNGUARDED_AVAILABILITY = YES_AGGRESSIVE;
				CLANG_WARN_UNREACHABLE_CODE = YES;
				CLANG_WARN__DUPLICATE_METHOD_MATCH = YES;
				COPY_PHASE_STRIP = NO;
				DEBUG_INFORMATION_FORMAT = "dwarf-with-dsym";
				ENABLE_NS_ASSERTIONS = NO;
				ENABLE_STRICT_OBJC_MSGSEND = YES;
				GCC_C_LANGUAGE_STANDARD = gnu11;
				GCC_NO_COMMON_BLOCKS = YES;
				GCC_WARN_64_TO_32_BIT_CONVERSION = YES;
				GCC_WARN_ABOUT_RETURN_TYPE = YES_ERROR;
				GCC_WARN_UNDECLARED_SELECTOR = YES;
				GCC_WARN_UNINITIALIZED_AUTOS = YES_AGGRESSIVE;
				GCC_WARN_UNUSED_FUNCTION = YES;
				GCC_WARN_UNUSED_VARIABLE = YES;
				MACOSX_DEPLOYMENT_TARGET = 10.15;
				MTL_ENABLE_DEBUG_INFO = NO;
				MTL_FAST_MATH = YES;
				SDKROOT = macosx;
			};
			name = Release;
		};
		C181F951244DDE4A00317FFF /* Debug */ = {
			isa = XCBuildConfiguration;
			buildSettings = {
				CODE_SIGN_STYLE = Automatic;
				PRODUCT_NAME = "$(TARGET_NAME)";
			};
			name = Debug;
		};
		C181F952244DDE4A00317FFF /* Release */ = {
			isa = XCBuildConfiguration;
			buildSettings = {
				CODE_SIGN_STYLE = Automatic;
				PRODUCT_NAME = "$(TARGET_NAME)";
			};
			name = Release;
		};
/* End XCBuildConfiguration section */

/* Begin XCConfigurationList section */
		C181F944244DDE4A00317FFF /* Build configuration list for PBXProject "gapLCS_last" */ = {
			isa = XCConfigurationList;
			buildConfigurations = (
				C181F94E244DDE4A00317FFF /* Debug */,
				C181F94F244DDE4A00317FFF /* Release */,
			);
			defaultConfigurationIsVisible = 0;
			defaultConfigurationName = Release;
		};
		C181F950244DDE4A00317FFF /* Build configuration list for PBXNativeTarget "gapLCS_last" */ = {
			isa = XCConfigurationList;
			buildConfigurations = (
				C181F951244DDE4A00317FFF /* Debug */,
				C181F952244DDE4A00317FFF /* Release */,
			);
			defaultConfigurationIsVisible = 0;
			defaultConfigurationName = Release;
		};
/* End XCConfigurationList section */
	};
	rootObject = C181F941244DDE4A00317FFF /* Project object */;
}
